
Microsoft Visual Studio Solution File, Format Version 12.00
# Visual Studio Version 16
VisualStudioVersion = 16.0.30611.23
MinimumVisualStudioVersion = 10.0.40219.1
Project("{FAE04EC0-301F-11D3-BF4B-00C04F79EFBC}") = "Multiple Forms", "Multiple Forms\Multiple Forms.csproj", "{F825CB81-0E24-48CF-866A-05CA375A4B32}"
EndProject
Global
	GlobalSection(SolutionConfigurationPlatforms) = preSolution
		Debug|Any CPU = Debug|Any CPU
		Release|Any CPU = Release|Any CPU
	EndGlobalSection
	GlobalSection(ProjectConfigurationPlatforms) = postSolution
		{F825CB81-0E24-48CF-866A-05CA375A4B32}.Debug|Any CPU.ActiveCfg = Debug|Any CPU
		{F825CB81-0E24-48CF-866A-05CA375A4B32}.Debug|Any CPU.Build.0 = Debug|Any CPU
		{F825CB81-0E24-48CF-866A-05CA375A4B32}.Release|Any CPU.ActiveCfg = Release|Any CPU
		{F825CB81-0E24-48CF-866A-05CA375A4B32}.Release|Any CPU.Build.0 = Release|Any CPU
	EndGlobalSection
	GlobalSection(SolutionProperties) = preSolution
		HideSolutionNode = FALSE
	EndGlobalSection
	GlobalSection(ExtensibilityGlobals) = postSolution
		SolutionGuid = {366DDD8D-9376-4DD7-8A33-0FC2287CC003}
	EndGlobalSection
EndGlobal
