
Microsoft Visual Studio Solution File, Format Version 12.00
# Visual Studio Version 16
VisualStudioVersion = 16.0.30611.23
MinimumVisualStudioVersion = 10.0.40219.1
Project("{FAE04EC0-301F-11D3-BF4B-00C04F79EFBC}") = "MultipleFormValues", "MultipleFormValues\MultipleFormValues.csproj", "{208CD2E5-B943-4D28-9C37-83273819618A}"
EndProject
Global
	GlobalSection(SolutionConfigurationPlatforms) = preSolution
		Debug|Any CPU = Debug|Any CPU
		Release|Any CPU = Release|Any CPU
	EndGlobalSection
	GlobalSection(ProjectConfigurationPlatforms) = postSolution
		{208CD2E5-B943-4D28-9C37-83273819618A}.Debug|Any CPU.ActiveCfg = Debug|Any CPU
		{208CD2E5-B943-4D28-9C37-83273819618A}.Debug|Any CPU.Build.0 = Debug|Any CPU
		{208CD2E5-B943-4D28-9C37-83273819618A}.Release|Any CPU.ActiveCfg = Release|Any CPU
		{208CD2E5-B943-4D28-9C37-83273819618A}.Release|Any CPU.Build.0 = Release|Any CPU
	EndGlobalSection
	GlobalSection(SolutionProperties) = preSolution
		HideSolutionNode = FALSE
	EndGlobalSection
	GlobalSection(ExtensibilityGlobals) = postSolution
		SolutionGuid = {21E2E04E-FC66-42E2-BA14-4F9D88EDD7A7}
	EndGlobalSection
EndGlobal
