
Microsoft Visual Studio Solution File, Format Version 12.00
# Visual Studio Version 16
VisualStudioVersion = 16.0.30611.23
MinimumVisualStudioVersion = 10.0.40219.1
Project("{FAE04EC0-301F-11D3-BF4B-00C04F79EFBC}") = "FormsCalculator", "FormsCalculator\FormsCalculator.csproj", "{CCC7F5CB-FED9-4558-8E5F-A3DC0236CC37}"
EndProject
Global
	GlobalSection(SolutionConfigurationPlatforms) = preSolution
		Debug|Any CPU = Debug|Any CPU
		Release|Any CPU = Release|Any CPU
	EndGlobalSection
	GlobalSection(ProjectConfigurationPlatforms) = postSolution
		{CCC7F5CB-FED9-4558-8E5F-A3DC0236CC37}.Debug|Any CPU.ActiveCfg = Debug|Any CPU
		{CCC7F5CB-FED9-4558-8E5F-A3DC0236CC37}.Debug|Any CPU.Build.0 = Debug|Any CPU
		{CCC7F5CB-FED9-4558-8E5F-A3DC0236CC37}.Release|Any CPU.ActiveCfg = Release|Any CPU
		{CCC7F5CB-FED9-4558-8E5F-A3DC0236CC37}.Release|Any CPU.Build.0 = Release|Any CPU
	EndGlobalSection
	GlobalSection(SolutionProperties) = preSolution
		HideSolutionNode = FALSE
	EndGlobalSection
	GlobalSection(ExtensibilityGlobals) = postSolution
		SolutionGuid = {1834BAE3-857A-476D-A5AE-B491A8D29EFA}
	EndGlobalSection
EndGlobal
