
Microsoft Visual Studio Solution File, Format Version 12.00
# Visual Studio Version 16
VisualStudioVersion = 16.0.30611.23
MinimumVisualStudioVersion = 10.0.40219.1
Project("{9A19103F-16F7-4668-BE54-9A1E7A4F7556}") = "RazorPagesTutorial", "RazorPagesTutorial\RazorPagesTutorial.csproj", "{20BFB840-BE55-4358-BD11-BA4560B5DEA3}"
EndProject
Project("{9A19103F-16F7-4668-BE54-9A1E7A4F7556}") = "RazorPagesTutorial.Models", "RazorPagesTutorial.Models\RazorPagesTutorial.Models.csproj", "{B89B9279-C421-45B9-A570-4E4813F985B9}"
EndProject
Project("{9A19103F-16F7-4668-BE54-9A1E7A4F7556}") = "RazorPagesTutorial.Services", "RazorPagesTutorial.Services\RazorPagesTutorial.Services.csproj", "{13A1080B-740B-4ADB-8956-AA5A5A587A32}"
EndProject
Global
	GlobalSection(SolutionConfigurationPlatforms) = preSolution
		Debug|Any CPU = Debug|Any CPU
		Release|Any CPU = Release|Any CPU
	EndGlobalSection
	GlobalSection(ProjectConfigurationPlatforms) = postSolution
		{20BFB840-BE55-4358-BD11-BA4560B5DEA3}.Debug|Any CPU.ActiveCfg = Debug|Any CPU
		{20BFB840-BE55-4358-BD11-BA4560B5DEA3}.Debug|Any CPU.Build.0 = Debug|Any CPU
		{20BFB840-BE55-4358-BD11-BA4560B5DEA3}.Release|Any CPU.ActiveCfg = Release|Any CPU
		{20BFB840-BE55-4358-BD11-BA4560B5DEA3}.Release|Any CPU.Build.0 = Release|Any CPU
		{B89B9279-C421-45B9-A570-4E4813F985B9}.Debug|Any CPU.ActiveCfg = Debug|Any CPU
		{B89B9279-C421-45B9-A570-4E4813F985B9}.Debug|Any CPU.Build.0 = Debug|Any CPU
		{B89B9279-C421-45B9-A570-4E4813F985B9}.Release|Any CPU.ActiveCfg = Release|Any CPU
		{B89B9279-C421-45B9-A570-4E4813F985B9}.Release|Any CPU.Build.0 = Release|Any CPU
		{13A1080B-740B-4ADB-8956-AA5A5A587A32}.Debug|Any CPU.ActiveCfg = Debug|Any CPU
		{13A1080B-740B-4ADB-8956-AA5A5A587A32}.Debug|Any CPU.Build.0 = Debug|Any CPU
		{13A1080B-740B-4ADB-8956-AA5A5A587A32}.Release|Any CPU.ActiveCfg = Release|Any CPU
		{13A1080B-740B-4ADB-8956-AA5A5A587A32}.Release|Any CPU.Build.0 = Release|Any CPU
	EndGlobalSection
	GlobalSection(SolutionProperties) = preSolution
		HideSolutionNode = FALSE
	EndGlobalSection
	GlobalSection(ExtensibilityGlobals) = postSolution
		SolutionGuid = {D656AACE-B6EE-4475-9C0B-9AF81C92EEA8}
	EndGlobalSection
EndGlobal
