
Microsoft Visual Studio Solution File, Format Version 12.00
# Visual Studio Version 16
VisualStudioVersion = 16.0.30611.23
MinimumVisualStudioVersion = 10.0.40219.1
Project("{FAE04EC0-301F-11D3-BF4B-00C04F79EFBC}") = "FormApp", "FormApp\FormApp.csproj", "{64D9487B-2AB7-4994-B7AF-F0262B878A59}"
EndProject
Global
	GlobalSection(SolutionConfigurationPlatforms) = preSolution
		Debug|Any CPU = Debug|Any CPU
		Release|Any CPU = Release|Any CPU
	EndGlobalSection
	GlobalSection(ProjectConfigurationPlatforms) = postSolution
		{64D9487B-2AB7-4994-B7AF-F0262B878A59}.Debug|Any CPU.ActiveCfg = Debug|Any CPU
		{64D9487B-2AB7-4994-B7AF-F0262B878A59}.Debug|Any CPU.Build.0 = Debug|Any CPU
		{64D9487B-2AB7-4994-B7AF-F0262B878A59}.Release|Any CPU.ActiveCfg = Release|Any CPU
		{64D9487B-2AB7-4994-B7AF-F0262B878A59}.Release|Any CPU.Build.0 = Release|Any CPU
	EndGlobalSection
	GlobalSection(SolutionProperties) = preSolution
		HideSolutionNode = FALSE
	EndGlobalSection
	GlobalSection(ExtensibilityGlobals) = postSolution
		SolutionGuid = {863B1930-3C3E-437E-81F5-EE71AF3B1FC2}
	EndGlobalSection
EndGlobal
